schema: '2.0'
stages:
  data_ingestion:
    cmd: python src/data_ingestion.py
    deps:
    - path: src/data_ingestion.py
      hash: md5
      md5: c8ff74e41d7427f6999e98fc00a9b1e2
      size: 2793
    outs:
    - path: data/raw
      hash: md5
      md5: 8be899456ddf69dc38c4980daecab191.dir
      size: 2959101
      nfiles: 2
  data_preprocessing:
    cmd: python src/data_preprocessing.py
    deps:
    - path: data/raw
      hash: md5
      md5: 8be899456ddf69dc38c4980daecab191.dir
      size: 2959101
      nfiles: 2
    - path: src/data_preprocessing.py
      hash: md5
      md5: 84ca3e04b921cdfd2cacbd084d718a8b
      size: 796
    outs:
    - path: data/processed
      hash: md5
      md5: 26538e879a417f0ce877e2790bd187ec.dir
      size: 18512999
      nfiles: 2
  model_building:
    cmd: python src/model_building.py
    deps:
    - path: data/processed
      hash: md5
      md5: 26538e879a417f0ce877e2790bd187ec.dir
      size: 18512999
      nfiles: 2
    - path: src/model_building.py
      hash: md5
      md5: 7e47dab4e3413172557e5c6964b13b80
      size: 462
    outs:
    - path: model.pkl
      hash: md5
      md5: 2c9d65ab78544ad3efc1e357fb947076
      size: 33167521
  model_evaluation:
    cmd: python src/model_evaluation.py
    deps:
    - path: model.pkl
      hash: md5
      md5: 2c9d65ab78544ad3efc1e357fb947076
      size: 33167521
    - path: src/model_evaluation.py
      hash: md5
      md5: 72e1528a5d4fc8126562dd317012c339
      size: 835
    outs:
    - path: metrics.json
      hash: md5
      md5: 2aaad5f865074eacad53bb8477187c6d
      size: 29
